// !$*UTF8*$!
{
	archiveVersion = 1;
	classes = {
	};
	objectVersion = 50;
	objects = {

/* Begin PBXBuildFile section */
		8F2C734D2333CCCE00F47B7A /* AppDelegate.swift in Sources */ = {isa = PBXBuildFile; fileRef = 8F2C734C2333CCCE00F47B7A /* AppDelegate.swift */; };
		8F2C734F2333CCCE00F47B7A /* ViewController.swift in Sources */ = {isa = PBXBuildFile; fileRef = 8F2C734E2333CCCE00F47B7A /* ViewController.swift */; };
		8F2C73522333CCCE00F47B7A /* Main.storyboard in Resources */ = {isa = PBXBuildFile; fileRef = 8F2C73502333CCCE00F47B7A /* Main.storyboard */; };
		8F2C73542333CCCF00F47B7A /* Assets.xcassets in Resources */ = {isa = PBXBuildFile; fileRef = 8F2C73532333CCCF00F47B7A /* Assets.xcassets */; };
		8F2C73572333CCCF00F47B7A /* LaunchScreen.storyboard in Resources */ = {isa = PBXBuildFile; fileRef = 8F2C73552333CCCF00F47B7A /* LaunchScreen.storyboard */; };
		8FFAD626234A61DF00C4A6F0 /* InfoPageViewController.swift in Sources */ = {isa = PBXBuildFile; fileRef = 8FFAD625234A61DF00C4A6F0 /* InfoPageViewController.swift */; };
/* End PBXBuildFile section */

/* Begin PBXFileReference section */
		8F2C73492333CCCE00F47B7A /* SwiftyCompanion.app */ = {isa = PBXFileReference; explicitFileType = wrapper.application; includeInIndex = 0; path = SwiftyCompanion.app; sourceTree = BUILT_PRODUCTS_DIR; };
		8F2C734C2333CCCE00F47B7A /* AppDelegate.swift */ = {isa = PBXFileReference; lastKnownFileType = sourcecode.swift; path = AppDelegate.swift; sourceTree = "<group>"; };
		8F2C734E2333CCCE00F47B7A /* ViewController.swift */ = {isa = PBXFileReference; lastKnownFileType = sourcecode.swift; path = ViewController.swift; sourceTree = "<group>"; };
		8F2C73512333CCCE00F47B7A /* Base */ = {isa = PBXFileReference; lastKnownFileType = file.storyboard; name = Base; path = Base.lproj/Main.storyboard; sourceTree = "<group>"; };
		8F2C73532333CCCF00F47B7A /* Assets.xcassets */ = {isa = PBXFileReference; lastKnownFileType = folder.assetcatalog; path = Assets.xcassets; sourceTree = "<group>"; };
		8F2C73562333CCCF00F47B7A /* Base */ = {isa = PBXFileReference; lastKnownFileType = file.storyboard; name = Base; path = Base.lproj/LaunchScreen.storyboard; sourceTree = "<group>"; };
		8F2C73582333CCCF00F47B7A /* Info.plist */ = {isa = PBXFileReference; lastKnownFileType = text.plist.xml; path = Info.plist; sourceTree = "<group>"; };
		8FFAD625234A61DF00C4A6F0 /* InfoPageViewController.swift */ = {isa = PBXFileReference; lastKnownFileType = sourcecode.swift; path = InfoPageViewController.swift; sourceTree = "<group>"; };
/* End PBXFileReference section */

/* Begin PBXFrameworksBuildPhase section */
		8F2C73462333CCCE00F47B7A /* Frameworks */ = {
			isa = PBXFrameworksBuildPhase;
			buildActionMask = 2147483647;
			files = (
			);
			runOnlyForDeploymentPostprocessing = 0;
		};
/* End PBXFrameworksBuildPhase section */

/* Begin PBXGroup section */
		8F2C73402333CCCE00F47B7A = {
			isa = PBXGroup;
			children = (
				8F2C734B2333CCCE00F47B7A /* SwiftyCompanion */,
				8F2C734A2333CCCE00F47B7A /* Products */,
			);
			sourceTree = "<group>";
		};
		8F2C734A2333CCCE00F47B7A /* Products */ = {
			isa = PBXGroup;
			children = (
				8F2C73492333CCCE00F47B7A /* SwiftyCompanion.app */,
			);
			name = Products;
			sourceTree = "<group>";
		};
		8F2C734B2333CCCE00F47B7A /* SwiftyCompanion */ = {
			isa = PBXGroup;
			children = (
				8FFAD624234A5D7600C4A6F0 /* viewControllers */,
				8F2C734C2333CCCE00F47B7A /* AppDelegate.swift */,
				8F2C73502333CCCE00F47B7A /* Main.storyboard */,
				8F2C73532333CCCF00F47B7A /* Assets.xcassets */,
				8F2C73552333CCCF00F47B7A /* LaunchScreen.storyboard */,
				8F2C73582333CCCF00F47B7A /* Info.plist */,
			);
			path = SwiftyCompanion;
			sourceTree = "<group>";
		};
		8FFAD624234A5D7600C4A6F0 /* viewControllers */ = {
			isa = PBXGroup;
			children = (
				8F2C734E2333CCCE00F47B7A /* ViewController.swift */,
				8FFAD625234A61DF00C4A6F0 /* InfoPageViewController.swift */,
			);
			path = viewControllers;
			sourceTree = "<group>";
		};
/* End PBXGroup section */

/* Begin PBXNativeTarget section */
		8F2C73482333CCCE00F47B7A /* SwiftyCompanion */ = {
			isa = PBXNativeTarget;
			buildConfigurationList = 8F2C735B2333CCCF00F47B7A /* Build configuration list for PBXNativeTarget "SwiftyCompanion" */;
			buildPhases = (
				8F2C73452333CCCE00F47B7A /* Sources */,
				8F2C73462333CCCE00F47B7A /* Frameworks */,
				8F2C73472333CCCE00F47B7A /* Resources */,
			);
			buildRules = (
			);
			dependencies = (
			);
			name = SwiftyCompanion;
			productName = SwiftyCompanion;
			productReference = 8F2C73492333CCCE00F47B7A /* SwiftyCompanion.app */;
			productType = "com.apple.product-type.application";
		};
/* End PBXNativeTarget section */

/* Begin PBXProject section */
		8F2C73412333CCCE00F47B7A /* Project object */ = {
			isa = PBXProject;
			attributes = {
				LastSwiftUpdateCheck = 1030;
				LastUpgradeCheck = 1030;
				ORGANIZATIONNAME = vvoy;
				TargetAttributes = {
					8F2C73482333CCCE00F47B7A = {
						CreatedOnToolsVersion = 10.3;
					};
				};
			};
			buildConfigurationList = 8F2C73442333CCCE00F47B7A /* Build configuration list for PBXProject "SwiftyCompanion" */;
			compatibilityVersion = "Xcode 9.3";
			developmentRegion = en;
			hasScannedForEncodings = 0;
			knownRegions = (
				en,
				Base,
			);
			mainGroup = 8F2C73402333CCCE00F47B7A;
			productRefGroup = 8F2C734A2333CCCE00F47B7A /* Products */;
			projectDirPath = "";
			projectRoot = "";
			targets = (
				8F2C73482333CCCE00F47B7A /* SwiftyCompanion */,
			);
		};
/* End PBXProject section */

/* Begin PBXResourcesBuildPhase section */
		8F2C73472333CCCE00F47B7A /* Resources */ = {
			isa = PBXResourcesBuildPhase;
			buildActionMask = 2147483647;
			files = (
				8F2C73572333CCCF00F47B7A /* LaunchScreen.storyboard in Resources */,
				8F2C73542333CCCF00F47B7A /* Assets.xcassets in Resources */,
				8F2C73522333CCCE00F47B7A /* Main.storyboard in Resources */,
			);
			runOnlyForDeploymentPostprocessing = 0;
		};
/* End PBXResourcesBuildPhase section */

/* Begin PBXSourcesBuildPhase section */
		8F2C73452333CCCE00F47B7A /* Sources */ = {
			isa = PBXSourcesBuildPhase;
			buildActionMask = 2147483647;
			files = (
				8FFAD626234A61DF00C4A6F0 /* InfoPageViewController.swift in Sources */,
				8F2C734F2333CCCE00F47B7A /* ViewController.swift in Sources */,
				8F2C734D2333CCCE00F47B7A /* AppDelegate.swift in Sources */,
			);
			runOnlyForDeploymentPostprocessing = 0;
		};
/* End PBXSourcesBuildPhase section */

/* Begin PBXVariantGroup section */
		8F2C73502333CCCE00F47B7A /* Main.storyboard */ = {
			isa = PBXVariantGroup;
			children = (
				8F2C73512333CCCE00F47B7A /* Base */,
			);
			name = Main.storyboard;
			sourceTree = "<group>";
		};
		8F2C73552333CCCF00F47B7A /* LaunchScreen.storyboard */ = {
			isa = PBXVariantGroup;
			children = (
				8F2C73562333CCCF00F47B7A /* Base */,
			);
			name = LaunchScreen.storyboard;
			sourceTree = "<group>";
		};
/* End PBXVariantGroup section */

/* Begin XCBuildConfiguration section */
		8F2C73592333CCCF00F47B7A /* Debug */ = {
			isa = XCBuildConfiguration;
			buildSettings = {
				ALWAYS_SEARCH_USER_PATHS = NO;
				CLANG_ANALYZER_NONNULL = YES;
				CLANG_ANALYZER_NUMBER_OBJECT_CONVERSION = YES_AGGRESSIVE;
				CLANG_CXX_LANGUAGE_STANDARD = "gnu++14";
				CLANG_CXX_LIBRARY = "libc++";
				CLANG_ENABLE_MODULES = YES;
				CLANG_ENABLE_OBJC_ARC = YES;
				CLANG_ENABLE_OBJC_WEAK = YES;
				CLANG_WARN_BLOCK_CAPTURE_AUTORELEASING = YES;
				CLANG_WARN_BOOL_CONVERSION = YES;
				CLANG_WARN_COMMA = YES;
				CLANG_WARN_CONSTANT_CONVERSION = YES;
				CLANG_WARN_DEPRECATED_OBJC_IMPLEMENTATIONS = YES;
				CLANG_WARN_DIRECT_OBJC_ISA_USAGE = YES_ERROR;
				CLANG_WARN_DOCUMENTATION_COMMENTS = YES;
				CLANG_WARN_EMPTY_BODY = YES;
				CLANG_WARN_ENUM_CONVERSION = YES;
				CLANG_WARN_INFINITE_RECURSION = YES;
				CLANG_WARN_INT_CONVERSION = YES;
				CLANG_WARN_NON_LITERAL_NULL_CONVERSION = YES;
				CLANG_WARN_OBJC_IMPLICIT_RETAIN_SELF = YES;
				CLANG_WARN_OBJC_LITERAL_CONVERSION = YES;
				CLANG_WARN_OBJC_ROOT_CLASS = YES_ERROR;
				CLANG_WARN_RANGE_LOOP_ANALYSIS = YES;
				CLANG_WARN_STRICT_PROTOTYPES = YES;
				CLANG_WARN_SUSPICIOUS_MOVE = YES;
				CLANG_WARN_UNGUARDED_AVAILABILITY = YES_AGGRESSIVE;
				CLANG_WARN_UNREACHABLE_CODE = YES;
				CLANG_WARN__DUPLICATE_METHOD_MATCH = YES;
				CODE_SIGN_IDENTITY = "iPhone Developer";
				COPY_PHASE_STRIP = NO;
				DEBUG_INFORMATION_FORMAT = dwarf;
				ENABLE_STRICT_OBJC_MSGSEND = YES;
				ENABLE_TESTABILITY = YES;
				GCC_C_LANGUAGE_STANDARD = gnu11;
				GCC_DYNAMIC_NO_PIC = NO;
				GCC_NO_COMMON_BLOCKS = YES;
				GCC_OPTIMIZATION_LEVEL = 0;
				GCC_PREPROCESSOR_DEFINITIONS = (
					"DEBUG=1",
					"$(inherited)",
				);
				GCC_WARN_64_TO_32_BIT_CONVERSION = YES;
				GCC_WARN_ABOUT_RETURN_TYPE = YES_ERROR;
				GCC_WARN_UNDECLARED_SELECTOR = YES;
				GCC_WARN_UNINITIALIZED_AUTOS = YES_AGGRESSIVE;
				GCC_WARN_UNUSED_FUNCTION = YES;
				GCC_WARN_UNUSED_VARIABLE = YES;
				IPHONEOS_DEPLOYMENT_TARGET = 11.0;
				MTL_ENABLE_DEBUG_INFO = INCLUDE_SOURCE;
				MTL_FAST_MATH = YES;
				ONLY_ACTIVE_ARCH = YES;
				SDKROOT = iphoneos;
				SWIFT_ACTIVE_COMPILATION_CONDITIONS = DEBUG;
				SWIFT_OPTIMIZATION_LEVEL = "-Onone";
			};
			name = Debug;
		};
		8F2C735A2333CCCF00F47B7A /* Release */ = {
			isa = XCBuildConfiguration;
			buildSettings = {
				ALWAYS_SEARCH_USER_PATHS = NO;
				CLANG_ANALYZER_NONNULL = YES;
				CLANG_ANALYZER_NUMBER_OBJECT_CONVERSION = YES_AGGRESSIVE;
				CLANG_CXX_LANGUAGE_STANDARD = "gnu++14";
				CLANG_CXX_LIBRARY = "libc++";
				CLANG_ENABLE_MODULES = YES;
				CLANG_ENABLE_OBJC_ARC = YES;
				CLANG_ENABLE_OBJC_WEAK = YES;
				CLANG_WARN_BLOCK_CAPTURE_AUTORELEASING = YES;
				CLANG_WARN_BOOL_CONVERSION = YES;
				CLANG_WARN_COMMA = YES;
				CLANG_WARN_CONSTANT_CONVERSION = YES;
				CLANG_WARN_DEPRECATED_OBJC_IMPLEMENTATIONS = YES;
				CLANG_WARN_DIRECT_OBJC_ISA_USAGE = YES_ERROR;
				CLANG_WARN_DOCUMENTATION_COMMENTS = YES;
				CLANG_WARN_EMPTY_BODY = YES;
				CLANG_WARN_ENUM_CONVERSION = YES;
				CLANG_WARN_INFINITE_RECURSION = YES;
				CLANG_WARN_INT_CONVERSION = YES;
				CLANG_WARN_NON_LITERAL_NULL_CONVERSION = YES;
				CLANG_WARN_OBJC_IMPLICIT_RETAIN_SELF = YES;
				CLANG_WARN_OBJC_LITERAL_CONVERSION = YES;
				CLANG_WARN_OBJC_ROOT_CLASS = YES_ERROR;
				CLANG_WARN_RANGE_LOOP_ANALYSIS = YES;
				CLANG_WARN_STRICT_PROTOTYPES = YES;
				CLANG_WARN_SUSPICIOUS_MOVE = YES;
				CLANG_WARN_UNGUARDED_AVAILABILITY = YES_AGGRESSIVE;
				CLANG_WARN_UNREACHABLE_CODE = YES;
				CLANG_WARN__DUPLICATE_METHOD_MATCH = YES;
				CODE_SIGN_IDENTITY = "iPhone Developer";
				COPY_PHASE_STRIP = NO;
				DEBUG_INFORMATION_FORMAT = "dwarf-with-dsym";
				ENABLE_NS_ASSERTIONS = NO;
				ENABLE_STRICT_OBJC_MSGSEND = YES;
				GCC_C_LANGUAGE_STANDARD = gnu11;
				GCC_NO_COMMON_BLOCKS = YES;
				GCC_WARN_64_TO_32_BIT_CONVERSION = YES;
				GCC_WARN_ABOUT_RETURN_TYPE = YES_ERROR;
				GCC_WARN_UNDECLARED_SELECTOR = YES;
				GCC_WARN_UNINITIALIZED_AUTOS = YES_AGGRESSIVE;
				GCC_WARN_UNUSED_FUNCTION = YES;
				GCC_WARN_UNUSED_VARIABLE = YES;
				IPHONEOS_DEPLOYMENT_TARGET = 11.0;
				MTL_ENABLE_DEBUG_INFO = NO;
				MTL_FAST_MATH = YES;
				SDKROOT = iphoneos;
				SWIFT_COMPILATION_MODE = wholemodule;
				SWIFT_OPTIMIZATION_LEVEL = "-O";
				VALIDATE_PRODUCT = YES;
			};
			name = Release;
		};
		8F2C735C2333CCCF00F47B7A /* Debug */ = {
			isa = XCBuildConfiguration;
			buildSettings = {
				ASSETCATALOG_COMPILER_APPICON_NAME = AppIcon;
				CODE_SIGN_STYLE = Automatic;
				DEVELOPMENT_TEAM = Y9KNY868T9;
				INFOPLIST_FILE = SwiftyCompanion/Info.plist;
				IPHONEOS_DEPLOYMENT_TARGET = 11.0;
				LD_RUNPATH_SEARCH_PATHS = (
					"$(inherited)",
					"@executable_path/Frameworks",
				);
				PRODUCT_BUNDLE_IDENTIFIER = com.vvoy.SwiftyCompanion;
				PRODUCT_NAME = "$(TARGET_NAME)";
				SWIFT_VERSION = 5.0;
				TARGETED_DEVICE_FAMILY = "1,2";
			};
			name = Debug;
		};
		8F2C735D2333CCCF00F47B7A /* Release */ = {
			isa = XCBuildConfiguration;
			buildSettings = {
				ASSETCATALOG_COMPILER_APPICON_NAME = AppIcon;
				CODE_SIGN_STYLE = Automatic;
				DEVELOPMENT_TEAM = Y9KNY868T9;
				INFOPLIST_FILE = SwiftyCompanion/Info.plist;
				IPHONEOS_DEPLOYMENT_TARGET = 11.0;
				LD_RUNPATH_SEARCH_PATHS = (
					"$(inherited)",
					"@executable_path/Frameworks",
				);
				PRODUCT_BUNDLE_IDENTIFIER = com.vvoy.SwiftyCompanion;
				PRODUCT_NAME = "$(TARGET_NAME)";
				SWIFT_VERSION = 5.0;
				TARGETED_DEVICE_FAMILY = "1,2";
			};
			name = Release;
		};
/* End XCBuildConfiguration section */

/* Begin XCConfigurationList section */
		8F2C73442333CCCE00F47B7A /* Build configuration list for PBXProject "SwiftyCompanion" */ = {
			isa = XCConfigurationList;
			buildConfigurations = (
				8F2C73592333CCCF00F47B7A /* Debug */,
				8F2C735A2333CCCF00F47B7A /* Release */,
			);
			defaultConfigurationIsVisible = 0;
			defaultConfigurationName = Release;
		};
		8F2C735B2333CCCF00F47B7A /* Build configuration list for PBXNativeTarget "SwiftyCompanion" */ = {
			isa = XCConfigurationList;
			buildConfigurations = (
				8F2C735C2333CCCF00F47B7A /* Debug */,
				8F2C735D2333CCCF00F47B7A /* Release */,
			);
			defaultConfigurationIsVisible = 0;
			defaultConfigurationName = Release;
		};
/* End XCConfigurationList section */
	};
	rootObject = 8F2C73412333CCCE00F47B7A /* Project object */;
}
